{
  "name": "node-loader-error",
  "lockfileVersion": 3,
  "requires": true,
  "packages": {
    "": {
      "dependencies": {
        "@hono/node-server": "^1.1.1",
        "@swc/core": "^1.3.83",
        "hono": "^3.5.8"
      }
    },
    "node_modules/@hono/node-server": {
      "version": "1.1.1",
      "resolved": "https://registry.npmjs.org/@hono/node-server/-/node-server-1.1.1.tgz",
      "integrity": "sha512-0ZfrcW8Y+TAGNzKGoDB1iQ7Gv7uGsGDOYlz7nckXcHRpK60Oxuz1ttiFmdHYmI6kGO+/VJ8Iy58LDhoTPqkiow==",
      "engines": {
        "node": ">=18.0.0"
      }
    },
    "node_modules/@swc/core": {
      "version": "1.3.83",
      "resolved": "https://registry.npmjs.org/@swc/core/-/core-1.3.83.tgz",
      "integrity": "sha512-PccHDgGQlFjpExgJxH91qA3a4aifR+axCFJ4RieCoiI0m5gURE4nBhxzTBY5YU/YKTBmPO8Gc5Q6inE3+NquWg==",
      "hasInstallScript": true,
      "dependencies": {
        "@swc/types": "^0.1.4"
      },
      "engines": {
        "node": ">=10"
      },
      "funding": {
        "type": "opencollective",
        "url": "https://opencollective.com/swc"
      },
      "optionalDependencies": {
        "@swc/core-darwin-arm64": "1.3.83",
        "@swc/core-darwin-x64": "1.3.83",
        "@swc/core-linux-arm-gnueabihf": "1.3.83",
        "@swc/core-linux-arm64-gnu": "1.3.83",
        "@swc/core-linux-arm64-musl": "1.3.83",
        "@swc/core-linux-x64-gnu": "1.3.83",
        "@swc/core-linux-x64-musl": "1.3.83",
        "@swc/core-win32-arm64-msvc": "1.3.83",
        "@swc/core-win32-ia32-msvc": "1.3.83",
        "@swc/core-win32-x64-msvc": "1.3.83"
      },
      "peerDependencies": {
        "@swc/helpers": "^0.5.0"
      },
      "peerDependenciesMeta": {
        "@swc/helpers": {
          "optional": true
        }
      }
    },
    "node_modules/@swc/core-darwin-arm64": {
      "version": "1.3.83",
      "resolved": "https://registry.npmjs.org/@swc/core-darwin-arm64/-/core-darwin-arm64-1.3.83.tgz",
      "integrity": "sha512-Plz2IKeveVLivbXTSCC3OZjD2MojyKYllhPrn9RotkDIZEFRYJZtW5/Ik1tJW/2rzu5HVKuGYrDKdScVVTbOxQ==",
      "cpu": [
        "arm64"
      ],
      "optional": true,
      "os": [
        "darwin"
      ],
      "engines": {
        "node": ">=10"
      }
    },
    "node_modules/@swc/core-darwin-x64": {
      "version": "1.3.83",
      "resolved": "https://registry.npmjs.org/@swc/core-darwin-x64/-/core-darwin-x64-1.3.83.tgz",
      "integrity": "sha512-FBGVg5IPF/8jQ6FbK60iDUHjv0H5+LwfpJHKH6wZnRaYWFtm7+pzYgreLu3NTsm3m7/1a7t0+7KURwBGUaJCCw==",
      "cpu": [
        "x64"
      ],
      "optional": true,
      "os": [
        "darwin"
      ],
      "engines": {
        "node": ">=10"
      }
    },
    "node_modules/@swc/core-linux-arm-gnueabihf": {
      "version": "1.3.83",
      "resolved": "https://registry.npmjs.org/@swc/core-linux-arm-gnueabihf/-/core-linux-arm-gnueabihf-1.3.83.tgz",
      "integrity": "sha512-EZcsuRYhGkzofXtzwDjuuBC/suiX9s7zeg2YYXOVjWwyebb6BUhB1yad3mcykFQ20rTLO9JUyIaiaMYDHGobqw==",
      "cpu": [
        "arm"
      ],
      "optional": true,
      "os": [
        "linux"
      ],
      "engines": {
        "node": ">=10"
      }
    },
    "node_modules/@swc/core-linux-arm64-gnu": {
      "version": "1.3.83",
      "resolved": "https://registry.npmjs.org/@swc/core-linux-arm64-gnu/-/core-linux-arm64-gnu-1.3.83.tgz",
      "integrity": "sha512-khI41szLHrCD/cFOcN4p2SYvZgHjhhHlcMHz5BksRrDyteSJKu0qtWRZITVom0N/9jWoAleoFhMnFTUs0H8IWA==",
      "cpu": [
        "arm64"
      ],
      "optional": true,
      "os": [
        "linux"
      ],
      "engines": {
        "node": ">=10"
      }
    },
    "node_modules/@swc/core-linux-arm64-musl": {
      "version": "1.3.83",
      "resolved": "https://registry.npmjs.org/@swc/core-linux-arm64-musl/-/core-linux-arm64-musl-1.3.83.tgz",
      "integrity": "sha512-zgT7yNOdbjHcGAwvys79mbfNLK65KBlPJWzeig+Yk7I8TVzmaQge7B6ZS/gwF9/p+8TiLYo/tZ5aF2lqlgdSVw==",
      "cpu": [
        "arm64"
      ],
      "optional": true,
      "os": [
        "linux"
      ],
      "engines": {
        "node": ">=10"
      }
    },
    "node_modules/@swc/core-linux-x64-gnu": {
      "version": "1.3.83",
      "resolved": "https://registry.npmjs.org/@swc/core-linux-x64-gnu/-/core-linux-x64-gnu-1.3.83.tgz",
      "integrity": "sha512-x+mH0Y3NC/G0YNlFmGi3vGD4VOm7IPDhh+tGrx6WtJp0BsShAbOpxtfU885rp1QweZe4qYoEmGqiEjE2WrPIdA==",
      "cpu": [
        "x64"
      ],
      "optional": true,
      "os": [
        "linux"
      ],
      "engines": {
        "node": ">=10"
      }
    },
    "node_modules/@swc/core-linux-x64-musl": {
      "version": "1.3.83",
      "resolved": "https://registry.npmjs.org/@swc/core-linux-x64-musl/-/core-linux-x64-musl-1.3.83.tgz",
      "integrity": "sha512-s5AYhAOmetUwUZwS5g9qb92IYgNHHBGiY2mTLImtEgpAeBwe0LPDj6WrujxCBuZnaS55mKRLLOuiMZE5TpjBNA==",
      "cpu": [
        "x64"
      ],
      "optional": true,
      "os": [
        "linux"
      ],
      "engines": {
        "node": ">=10"
      }
    },
    "node_modules/@swc/core-win32-arm64-msvc": {
      "version": "1.3.83",
      "resolved": "https://registry.npmjs.org/@swc/core-win32-arm64-msvc/-/core-win32-arm64-msvc-1.3.83.tgz",
      "integrity": "sha512-yw2rd/KVOGs95lRRB+killLWNaO1dy4uVa8Q3/4wb5txlLru07W1m041fZLzwOg/1Sh0TMjJgGxj0XHGR3ZXhQ==",
      "cpu": [
        "arm64"
      ],
      "optional": true,
      "os": [
        "win32"
      ],
      "engines": {
        "node": ">=10"
      }
    },
    "node_modules/@swc/core-win32-ia32-msvc": {
      "version": "1.3.83",
      "resolved": "https://registry.npmjs.org/@swc/core-win32-ia32-msvc/-/core-win32-ia32-msvc-1.3.83.tgz",
      "integrity": "sha512-POW+rgZ6KWqBpwPGIRd2/3pcf46P+UrKBm4HLt5IwbHvekJ4avIM8ixJa9kK0muJNVJcDpaZgxaU1ELxtJ1j8w==",
      "cpu": [
        "ia32"
      ],
      "optional": true,
      "os": [
        "win32"
      ],
      "engines": {
        "node": ">=10"
      }
    },
    "node_modules/@swc/core-win32-x64-msvc": {
      "version": "1.3.83",
      "resolved": "https://registry.npmjs.org/@swc/core-win32-x64-msvc/-/core-win32-x64-msvc-1.3.83.tgz",
      "integrity": "sha512-CiWQtkFnZElXQUalaHp+Wacw0Jd+24ncRYhqaJ9YKnEQP1H82CxIIuQqLM8IFaLpn5dpY6SgzaeubWF46hjcLA==",
      "cpu": [
        "x64"
      ],
      "optional": true,
      "os": [
        "win32"
      ],
      "engines": {
        "node": ">=10"
      }
    },
    "node_modules/@swc/types": {
      "version": "0.1.4",
      "resolved": "https://registry.npmjs.org/@swc/types/-/types-0.1.4.tgz",
      "integrity": "sha512-z/G02d+59gyyUb7KYhKi9jOhicek6QD2oMaotUyG+lUkybpXoV49dY9bj7Ah5Q+y7knK2jU67UTX9FyfGzaxQg=="
    },
    "node_modules/hono": {
      "version": "3.5.8",
      "resolved": "https://registry.npmjs.org/hono/-/hono-3.5.8.tgz",
      "integrity": "sha512-ZipTmGfHm43q5QOEBGog2wyejyNUcicjPt0BLDQ8yz9xij/y9RYXRpR1YPxMpQqeyNM7isvpsIAe9Ems51Wq0Q==",
      "engines": {
        "node": ">=16.0.0"
      }
    }
  }
}
